
Microsoft Visual Studio Solution File, Format Version 12.00
# Visual Studio Version 17
VisualStudioVersion = 17.12.35521.163
MinimumVisualStudioVersion = 10.0.40219.1
Project("{FAE04EC0-301F-11D3-BF4B-00C04F79EFBC}") = "Core.Persistence", "Core.Persistence\Core.Persistence.csproj", "{7043D294-9EEB-4422-972B-6600C066FE7C}"
EndProject
Project("{FAE04EC0-301F-11D3-BF4B-00C04F79EFBC}") = "Core.Application", "Core.Application\Core.Application.csproj", "{34435D35-9DEB-43A4-B13F-117FBCE66C9F}"
EndProject
Global
	GlobalSection(SolutionConfigurationPlatforms) = preSolution
		Debug|Any CPU = Debug|Any CPU
		Release|Any CPU = Release|Any CPU
	EndGlobalSection
	GlobalSection(ProjectConfigurationPlatforms) = postSolution
		{7043D294-9EEB-4422-972B-6600C066FE7C}.Debug|Any CPU.ActiveCfg = Debug|Any CPU
		{7043D294-9EEB-4422-972B-6600C066FE7C}.Debug|Any CPU.Build.0 = Debug|Any CPU
		{7043D294-9EEB-4422-972B-6600C066FE7C}.Release|Any CPU.ActiveCfg = Release|Any CPU
		{7043D294-9EEB-4422-972B-6600C066FE7C}.Release|Any CPU.Build.0 = Release|Any CPU
		{34435D35-9DEB-43A4-B13F-117FBCE66C9F}.Debug|Any CPU.ActiveCfg = Debug|Any CPU
		{34435D35-9DEB-43A4-B13F-117FBCE66C9F}.Debug|Any CPU.Build.0 = Debug|Any CPU
		{34435D35-9DEB-43A4-B13F-117FBCE66C9F}.Release|Any CPU.ActiveCfg = Release|Any CPU
		{34435D35-9DEB-43A4-B13F-117FBCE66C9F}.Release|Any CPU.Build.0 = Release|Any CPU
	EndGlobalSection
	GlobalSection(SolutionProperties) = preSolution
		HideSolutionNode = FALSE
	EndGlobalSection
EndGlobal
